
Microsoft Visual Studio Solution File, Format Version 12.00
# Visual Studio Version 17
VisualStudioVersion = 17.0.31903.59
MinimumVisualStudioVersion = 10.0.40219.1
Project("{2150E333-8FDC-42A3-9474-1A3956D46DE8}") = "src", "src", "{35C959A0-8015-48FF-873A-2EE094830AB7}"
EndProject
Project("{FAE04EC0-301F-11D3-BF4B-00C04F79EFBC}") = "SprintRoom.Api", "src\SprintRoom.Api\SprintRoom.Api.csproj", "{7FB3DEE3-4601-437C-AA33-A113CE7F8A2B}"
EndProject
Project("{FAE04EC0-301F-11D3-BF4B-00C04F79EFBC}") = "SprintRoom.Application", "src\SprintRoom.Application\SprintRoom.Application.csproj", "{256D6085-D331-417A-957B-301A04F1238F}"
EndProject
Project("{FAE04EC0-301F-11D3-BF4B-00C04F79EFBC}") = "SprintRoom.Domain", "src\SprintRoom.Domain\SprintRoom.Domain.csproj", "{956DB74E-E67D-4239-8069-5888A1D8E7DA}"
EndProject
Project("{FAE04EC0-301F-11D3-BF4B-00C04F79EFBC}") = "SprintRoom.Infrastructure", "src\SprintRoom.Infrastructure\SprintRoom.Infrastructure.csproj", "{5740131B-DDDA-4A48-A7FD-34B48BD39804}"
EndProject
Global
	GlobalSection(SolutionConfigurationPlatforms) = preSolution
		Debug|Any CPU = Debug|Any CPU
		Release|Any CPU = Release|Any CPU
	EndGlobalSection
	GlobalSection(SolutionProperties) = preSolution
		HideSolutionNode = FALSE
	EndGlobalSection
	GlobalSection(ProjectConfigurationPlatforms) = postSolution
		{7FB3DEE3-4601-437C-AA33-A113CE7F8A2B}.Debug|Any CPU.ActiveCfg = Debug|Any CPU
		{7FB3DEE3-4601-437C-AA33-A113CE7F8A2B}.Debug|Any CPU.Build.0 = Debug|Any CPU
		{7FB3DEE3-4601-437C-AA33-A113CE7F8A2B}.Release|Any CPU.ActiveCfg = Release|Any CPU
		{7FB3DEE3-4601-437C-AA33-A113CE7F8A2B}.Release|Any CPU.Build.0 = Release|Any CPU
		{256D6085-D331-417A-957B-301A04F1238F}.Debug|Any CPU.ActiveCfg = Debug|Any CPU
		{256D6085-D331-417A-957B-301A04F1238F}.Debug|Any CPU.Build.0 = Debug|Any CPU
		{256D6085-D331-417A-957B-301A04F1238F}.Release|Any CPU.ActiveCfg = Release|Any CPU
		{256D6085-D331-417A-957B-301A04F1238F}.Release|Any CPU.Build.0 = Release|Any CPU
		{956DB74E-E67D-4239-8069-5888A1D8E7DA}.Debug|Any CPU.ActiveCfg = Debug|Any CPU
		{956DB74E-E67D-4239-8069-5888A1D8E7DA}.Debug|Any CPU.Build.0 = Debug|Any CPU
		{956DB74E-E67D-4239-8069-5888A1D8E7DA}.Release|Any CPU.ActiveCfg = Release|Any CPU
		{956DB74E-E67D-4239-8069-5888A1D8E7DA}.Release|Any CPU.Build.0 = Release|Any CPU
		{5740131B-DDDA-4A48-A7FD-34B48BD39804}.Debug|Any CPU.ActiveCfg = Debug|Any CPU
		{5740131B-DDDA-4A48-A7FD-34B48BD39804}.Debug|Any CPU.Build.0 = Debug|Any CPU
		{5740131B-DDDA-4A48-A7FD-34B48BD39804}.Release|Any CPU.ActiveCfg = Release|Any CPU
		{5740131B-DDDA-4A48-A7FD-34B48BD39804}.Release|Any CPU.Build.0 = Release|Any CPU
	EndGlobalSection
	GlobalSection(NestedProjects) = preSolution
		{7FB3DEE3-4601-437C-AA33-A113CE7F8A2B} = {35C959A0-8015-48FF-873A-2EE094830AB7}
		{256D6085-D331-417A-957B-301A04F1238F} = {35C959A0-8015-48FF-873A-2EE094830AB7}
		{956DB74E-E67D-4239-8069-5888A1D8E7DA} = {35C959A0-8015-48FF-873A-2EE094830AB7}
		{5740131B-DDDA-4A48-A7FD-34B48BD39804} = {35C959A0-8015-48FF-873A-2EE094830AB7}
	EndGlobalSection
EndGlobal
